<?xml version="1.0" encoding="UTF-8"?>
<Scheme
   version = "1.3">
   <BuildAction>
      <BuildActionEntries>
         <BuildActionEntry
            buildForRunning = "YES">
            <BuildableReference
               BuildableIdentifier = "primary"
               BlueprintIdentifier = "DC45244FDF4DDF8CD3A1FB9C"
               BuildableName = "TableViewExample.app"
               BlueprintName = "TableViewExample"
               ReferencedContainer = "container:TableViewExample.xcodeproj">
            </BuildableReference>
         </BuildActionEntry>
      </BuildActionEntries>
   </BuildAction>
   <LaunchAction
      useCustomWorkingDirectory = "NO"
      buildConfiguration = "Debug"
      allowLocationSimulation = "YES">
      <BuildableProductRunnable>
         <BuildableReference
            BuildableIdentifier = "primary"
            BlueprintIdentifier = "DC45244FDF4DDF8CD3A1FB9C"
            BuildableName = "TableViewExample.app"
            BlueprintName = "TableViewExample"
            ReferencedContainer = "container:TableViewExample.xcodeproj">
         </BuildableReference>
      </BuildableProductRunnable>
   </LaunchAction>
</Scheme>
